
Microsoft Visual Studio Solution File, Format Version 12.00
# Visual Studio 2013
VisualStudioVersion = 12.0.21005.1
MinimumVisualStudioVersion = 10.0.40219.1
Project("{8BC9CEB8-8B4A-11D0-8D11-00A0C91BC942}") = "PraticeCPP", "PraticeCPP\PraticeCPP.vcxproj", "{4E70D630-513E-4FB0-A80F-9627038AFCBD}"
EndProject
Project("{8BC9CEB8-8B4A-11D0-8D11-00A0C91BC942}") = "EmployeeManage", "EmployeeManage\EmployeeManage.vcxproj", "{5D842B96-E4B9-485A-B8DC-D14E665319EA}"
EndProject
Project("{8BC9CEB8-8B4A-11D0-8D11-00A0C91BC942}") = "GluttonousSnake", "GluttonousSnake\GluttonousSnake.vcxproj", "{6304EA75-24D3-4263-ACD0-78C6EF34072A}"
EndProject
Global
	GlobalSection(SolutionConfigurationPlatforms) = preSolution
		Debug|Win32 = Debug|Win32
		Release|Win32 = Release|Win32
	EndGlobalSection
	GlobalSection(ProjectConfigurationPlatforms) = postSolution
		{4E70D630-513E-4FB0-A80F-9627038AFCBD}.Debug|Win32.ActiveCfg = Debug|Win32
		{4E70D630-513E-4FB0-A80F-9627038AFCBD}.Debug|Win32.Build.0 = Debug|Win32
		{4E70D630-513E-4FB0-A80F-9627038AFCBD}.Release|Win32.ActiveCfg = Release|Win32
		{4E70D630-513E-4FB0-A80F-9627038AFCBD}.Release|Win32.Build.0 = Release|Win32
		{5D842B96-E4B9-485A-B8DC-D14E665319EA}.Debug|Win32.ActiveCfg = Debug|Win32
		{5D842B96-E4B9-485A-B8DC-D14E665319EA}.Debug|Win32.Build.0 = Debug|Win32
		{5D842B96-E4B9-485A-B8DC-D14E665319EA}.Release|Win32.ActiveCfg = Release|Win32
		{5D842B96-E4B9-485A-B8DC-D14E665319EA}.Release|Win32.Build.0 = Release|Win32
		{6304EA75-24D3-4263-ACD0-78C6EF34072A}.Debug|Win32.ActiveCfg = Debug|Win32
		{6304EA75-24D3-4263-ACD0-78C6EF34072A}.Debug|Win32.Build.0 = Debug|Win32
		{6304EA75-24D3-4263-ACD0-78C6EF34072A}.Release|Win32.ActiveCfg = Release|Win32
		{6304EA75-24D3-4263-ACD0-78C6EF34072A}.Release|Win32.Build.0 = Release|Win32
	EndGlobalSection
	GlobalSection(SolutionProperties) = preSolution
		HideSolutionNode = FALSE
	EndGlobalSection
EndGlobal
